
Microsoft Visual Studio Solution File, Format Version 12.00
# Visual Studio Version 16
VisualStudioVersion = 16.0.29411.108
MinimumVisualStudioVersion = 10.0.40219.1
Project("{FAE04EC0-301F-11D3-BF4B-00C04F79EFBC}") = "RealEstatesManagement", "RealEstatesManagement\RealEstatesManagement.csproj", "{4B4CA257-4962-4145-8784-EDA4672BA615}"
EndProject
Global
	GlobalSection(SolutionConfigurationPlatforms) = preSolution
		Debug|Any CPU = Debug|Any CPU
		Release|Any CPU = Release|Any CPU
	EndGlobalSection
	GlobalSection(ProjectConfigurationPlatforms) = postSolution
		{4B4CA257-4962-4145-8784-EDA4672BA615}.Debug|Any CPU.ActiveCfg = Debug|Any CPU
		{4B4CA257-4962-4145-8784-EDA4672BA615}.Debug|Any CPU.Build.0 = Debug|Any CPU
		{4B4CA257-4962-4145-8784-EDA4672BA615}.Release|Any CPU.ActiveCfg = Release|Any CPU
		{4B4CA257-4962-4145-8784-EDA4672BA615}.Release|Any CPU.Build.0 = Release|Any CPU
	EndGlobalSection
	GlobalSection(SolutionProperties) = preSolution
		HideSolutionNode = FALSE
	EndGlobalSection
	GlobalSection(ExtensibilityGlobals) = postSolution
		SolutionGuid = {9B473549-6CC7-4C51-BBFA-141100E083EE}
	EndGlobalSection
EndGlobal
